
Microsoft Visual Studio Solution File, Format Version 12.00
# Visual Studio 14
VisualStudioVersion = 14.0.25420.1
MinimumVisualStudioVersion = 10.0.40219.1
Project("{8BC9CEB8-8B4A-11D0-8D11-00A0C91BC942}") = "GameEngine", "GameEngine\GameEngine.vcxproj", "{1BAB7F79-DE40-43E9-993E-B3D9E237478C}"
EndProject
Project("{8BC9CEB8-8B4A-11D0-8D11-00A0C91BC942}") = "Game", "Game\Game.vcxproj", "{EAEFA2E3-F6B5-4675-BB70-26D96DC2647F}"
	ProjectSection(ProjectDependencies) = postProject
		{9D7C686F-4BD9-4A7E-9180-0AE0EE65CED8} = {9D7C686F-4BD9-4A7E-9180-0AE0EE65CED8}
	EndProjectSection
EndProject
Project("{8BC9CEB8-8B4A-11D0-8D11-00A0C91BC942}") = "Extension", "Extension\Extension.vcxproj", "{9D7C686F-4BD9-4A7E-9180-0AE0EE65CED8}"
	ProjectSection(ProjectDependencies) = postProject
		{1BAB7F79-DE40-43E9-993E-B3D9E237478C} = {1BAB7F79-DE40-43E9-993E-B3D9E237478C}
	EndProjectSection
EndProject
Project("{8BC9CEB8-8B4A-11D0-8D11-00A0C91BC942}") = "Launcher", "Launcher\Launcher.vcxproj", "{1AA3A4E9-2694-421B-8F38-0AD92A4DBA33}"
EndProject
Project("{8BC9CEB8-8B4A-11D0-8D11-00A0C91BC942}") = "Platform", "Platform\Platform.vcxproj", "{D1F4A8B4-CF15-4BC4-B5C7-7555F6A0615B}"
EndProject
Project("{8BC9CEB8-8B4A-11D0-8D11-00A0C91BC942}") = "VerticalShooter", "VerticalShooter\VerticalShooter.vcxproj", "{154866F1-D70B-4F60-8257-6CF0726E666E}"
EndProject
Global
	GlobalSection(SolutionConfigurationPlatforms) = preSolution
		Debug|Any CPU = Debug|Any CPU
		Debug|x64 = Debug|x64
		Debug|x86 = Debug|x86
		Release|Any CPU = Release|Any CPU
		Release|x64 = Release|x64
		Release|x86 = Release|x86
	EndGlobalSection
	GlobalSection(ProjectConfigurationPlatforms) = postSolution
		{1BAB7F79-DE40-43E9-993E-B3D9E237478C}.Debug|Any CPU.ActiveCfg = Debug|Win32
		{1BAB7F79-DE40-43E9-993E-B3D9E237478C}.Debug|x64.ActiveCfg = Debug|x64
		{1BAB7F79-DE40-43E9-993E-B3D9E237478C}.Debug|x64.Build.0 = Debug|x64
		{1BAB7F79-DE40-43E9-993E-B3D9E237478C}.Debug|x86.ActiveCfg = Debug|Win32
		{1BAB7F79-DE40-43E9-993E-B3D9E237478C}.Debug|x86.Build.0 = Debug|Win32
		{1BAB7F79-DE40-43E9-993E-B3D9E237478C}.Release|Any CPU.ActiveCfg = Release|Win32
		{1BAB7F79-DE40-43E9-993E-B3D9E237478C}.Release|x64.ActiveCfg = Release|x64
		{1BAB7F79-DE40-43E9-993E-B3D9E237478C}.Release|x64.Build.0 = Release|x64
		{1BAB7F79-DE40-43E9-993E-B3D9E237478C}.Release|x86.ActiveCfg = Release|Win32
		{1BAB7F79-DE40-43E9-993E-B3D9E237478C}.Release|x86.Build.0 = Release|Win32
		{EAEFA2E3-F6B5-4675-BB70-26D96DC2647F}.Debug|Any CPU.ActiveCfg = Debug|Win32
		{EAEFA2E3-F6B5-4675-BB70-26D96DC2647F}.Debug|x64.ActiveCfg = Debug|x64
		{EAEFA2E3-F6B5-4675-BB70-26D96DC2647F}.Debug|x64.Build.0 = Debug|x64
		{EAEFA2E3-F6B5-4675-BB70-26D96DC2647F}.Debug|x86.ActiveCfg = Debug|Win32
		{EAEFA2E3-F6B5-4675-BB70-26D96DC2647F}.Debug|x86.Build.0 = Debug|Win32
		{EAEFA2E3-F6B5-4675-BB70-26D96DC2647F}.Release|Any CPU.ActiveCfg = Release|Win32
		{EAEFA2E3-F6B5-4675-BB70-26D96DC2647F}.Release|x64.ActiveCfg = Release|x64
		{EAEFA2E3-F6B5-4675-BB70-26D96DC2647F}.Release|x64.Build.0 = Release|x64
		{EAEFA2E3-F6B5-4675-BB70-26D96DC2647F}.Release|x86.ActiveCfg = Release|Win32
		{EAEFA2E3-F6B5-4675-BB70-26D96DC2647F}.Release|x86.Build.0 = Release|Win32
		{9D7C686F-4BD9-4A7E-9180-0AE0EE65CED8}.Debug|Any CPU.ActiveCfg = Debug|Win32
		{9D7C686F-4BD9-4A7E-9180-0AE0EE65CED8}.Debug|x64.ActiveCfg = Debug|x64
		{9D7C686F-4BD9-4A7E-9180-0AE0EE65CED8}.Debug|x64.Build.0 = Debug|x64
		{9D7C686F-4BD9-4A7E-9180-0AE0EE65CED8}.Debug|x86.ActiveCfg = Debug|Win32
		{9D7C686F-4BD9-4A7E-9180-0AE0EE65CED8}.Debug|x86.Build.0 = Debug|Win32
		{9D7C686F-4BD9-4A7E-9180-0AE0EE65CED8}.Release|Any CPU.ActiveCfg = Release|Win32
		{9D7C686F-4BD9-4A7E-9180-0AE0EE65CED8}.Release|x64.ActiveCfg = Release|x64
		{9D7C686F-4BD9-4A7E-9180-0AE0EE65CED8}.Release|x64.Build.0 = Release|x64
		{9D7C686F-4BD9-4A7E-9180-0AE0EE65CED8}.Release|x86.ActiveCfg = Release|Win32
		{9D7C686F-4BD9-4A7E-9180-0AE0EE65CED8}.Release|x86.Build.0 = Release|Win32
		{1AA3A4E9-2694-421B-8F38-0AD92A4DBA33}.Debug|Any CPU.ActiveCfg = Debug|Win32
		{1AA3A4E9-2694-421B-8F38-0AD92A4DBA33}.Debug|x64.ActiveCfg = Debug|x64
		{1AA3A4E9-2694-421B-8F38-0AD92A4DBA33}.Debug|x64.Build.0 = Debug|x64
		{1AA3A4E9-2694-421B-8F38-0AD92A4DBA33}.Debug|x86.ActiveCfg = Debug|Win32
		{1AA3A4E9-2694-421B-8F38-0AD92A4DBA33}.Debug|x86.Build.0 = Debug|Win32
		{1AA3A4E9-2694-421B-8F38-0AD92A4DBA33}.Release|Any CPU.ActiveCfg = Release|Win32
		{1AA3A4E9-2694-421B-8F38-0AD92A4DBA33}.Release|x64.ActiveCfg = Release|x64
		{1AA3A4E9-2694-421B-8F38-0AD92A4DBA33}.Release|x64.Build.0 = Release|x64
		{1AA3A4E9-2694-421B-8F38-0AD92A4DBA33}.Release|x86.ActiveCfg = Release|Win32
		{1AA3A4E9-2694-421B-8F38-0AD92A4DBA33}.Release|x86.Build.0 = Release|Win32
		{D1F4A8B4-CF15-4BC4-B5C7-7555F6A0615B}.Debug|Any CPU.ActiveCfg = Debug|Win32
		{D1F4A8B4-CF15-4BC4-B5C7-7555F6A0615B}.Debug|x64.ActiveCfg = Debug|x64
		{D1F4A8B4-CF15-4BC4-B5C7-7555F6A0615B}.Debug|x64.Build.0 = Debug|x64
		{D1F4A8B4-CF15-4BC4-B5C7-7555F6A0615B}.Debug|x86.ActiveCfg = Debug|Win32
		{D1F4A8B4-CF15-4BC4-B5C7-7555F6A0615B}.Debug|x86.Build.0 = Debug|Win32
		{D1F4A8B4-CF15-4BC4-B5C7-7555F6A0615B}.Release|Any CPU.ActiveCfg = Release|Win32
		{D1F4A8B4-CF15-4BC4-B5C7-7555F6A0615B}.Release|x64.ActiveCfg = Release|x64
		{D1F4A8B4-CF15-4BC4-B5C7-7555F6A0615B}.Release|x64.Build.0 = Release|x64
		{D1F4A8B4-CF15-4BC4-B5C7-7555F6A0615B}.Release|x86.ActiveCfg = Release|Win32
		{D1F4A8B4-CF15-4BC4-B5C7-7555F6A0615B}.Release|x86.Build.0 = Release|Win32
		{154866F1-D70B-4F60-8257-6CF0726E666E}.Debug|Any CPU.ActiveCfg = Debug|Win32
		{154866F1-D70B-4F60-8257-6CF0726E666E}.Debug|x64.ActiveCfg = Debug|x64
		{154866F1-D70B-4F60-8257-6CF0726E666E}.Debug|x64.Build.0 = Debug|x64
		{154866F1-D70B-4F60-8257-6CF0726E666E}.Debug|x86.ActiveCfg = Debug|Win32
		{154866F1-D70B-4F60-8257-6CF0726E666E}.Debug|x86.Build.0 = Debug|Win32
		{154866F1-D70B-4F60-8257-6CF0726E666E}.Release|Any CPU.ActiveCfg = Release|Win32
		{154866F1-D70B-4F60-8257-6CF0726E666E}.Release|x64.ActiveCfg = Release|x64
		{154866F1-D70B-4F60-8257-6CF0726E666E}.Release|x64.Build.0 = Release|x64
		{154866F1-D70B-4F60-8257-6CF0726E666E}.Release|x86.ActiveCfg = Release|Win32
		{154866F1-D70B-4F60-8257-6CF0726E666E}.Release|x86.Build.0 = Release|Win32
	EndGlobalSection
	GlobalSection(SolutionProperties) = preSolution
		HideSolutionNode = FALSE
	EndGlobalSection
EndGlobal
